
Microsoft Visual Studio Solution File, Format Version 12.00
# Visual Studio Version 17
VisualStudioVersion = 17.8.34309.116
MinimumVisualStudioVersion = 10.0.40219.1
Project("{9A19103F-16F7-4668-BE54-9A1E7A4F7556}") = "Store.Domain", "Store.Domain\Store.Domain.csproj", "{BDEF2321-23B3-4B9A-BC65-7F563EE62556}"
EndProject
Project("{9A19103F-16F7-4668-BE54-9A1E7A4F7556}") = "Store.Tests", "Store.Tests\Store.Tests.csproj", "{131C22E0-D1C1-4A11-9047-E792C424851E}"
EndProject
Global
	GlobalSection(SolutionConfigurationPlatforms) = preSolution
		Debug|Any CPU = Debug|Any CPU
		Release|Any CPU = Release|Any CPU
	EndGlobalSection
	GlobalSection(ProjectConfigurationPlatforms) = postSolution
		{BDEF2321-23B3-4B9A-BC65-7F563EE62556}.Debug|Any CPU.ActiveCfg = Debug|Any CPU
		{BDEF2321-23B3-4B9A-BC65-7F563EE62556}.Debug|Any CPU.Build.0 = Debug|Any CPU
		{BDEF2321-23B3-4B9A-BC65-7F563EE62556}.Release|Any CPU.ActiveCfg = Release|Any CPU
		{BDEF2321-23B3-4B9A-BC65-7F563EE62556}.Release|Any CPU.Build.0 = Release|Any CPU
		{131C22E0-D1C1-4A11-9047-E792C424851E}.Debug|Any CPU.ActiveCfg = Debug|Any CPU
		{131C22E0-D1C1-4A11-9047-E792C424851E}.Debug|Any CPU.Build.0 = Debug|Any CPU
		{131C22E0-D1C1-4A11-9047-E792C424851E}.Release|Any CPU.ActiveCfg = Release|Any CPU
		{131C22E0-D1C1-4A11-9047-E792C424851E}.Release|Any CPU.Build.0 = Release|Any CPU
	EndGlobalSection
	GlobalSection(SolutionProperties) = preSolution
		HideSolutionNode = FALSE
	EndGlobalSection
	GlobalSection(ExtensibilityGlobals) = postSolution
		SolutionGuid = {7892C028-9BCA-477A-A56E-DAB8082C56B4}
	EndGlobalSection
EndGlobal
